
Microsoft Visual Studio Solution File, Format Version 12.00
# Visual Studio Version 17
VisualStudioVersion = 17.0.31903.59
MinimumVisualStudioVersion = 10.0.40219.1
Project("{FAE04EC0-301F-11D3-BF4B-00C04F79EFBC}") = "Models", "Models\Models.csproj", "{2331E6E5-081B-4DEF-B4D7-F3AB92E35B49}"
EndProject
Project("{FAE04EC0-301F-11D3-BF4B-00C04F79EFBC}") = "UI.ConsoleApp", "UI.ConsoleApp\UI.ConsoleApp.csproj", "{18EEAFB8-1611-4BC3-B8BA-771527CE1BC4}"
EndProject
Project("{FAE04EC0-301F-11D3-BF4B-00C04F79EFBC}") = "UI.MauiApp", "UI.MauiApp\UI.MauiApp.csproj", "{7D757D40-D697-4552-8E75-035F617B8036}"
EndProject
Project("{FAE04EC0-301F-11D3-BF4B-00C04F79EFBC}") = "Persistence", "Persistence\Persistence.csproj", "{78811D81-F3C1-4AEA-A282-04EDB3771D81}"
EndProject
Project("{FAE04EC0-301F-11D3-BF4B-00C04F79EFBC}") = "Business", "Business\Business.csproj", "{28E5AF7B-4475-49BF-A3FF-201D88AAFC85}"
EndProject
Global
	GlobalSection(SolutionConfigurationPlatforms) = preSolution
		Debug|Any CPU = Debug|Any CPU
		Release|Any CPU = Release|Any CPU
	EndGlobalSection
	GlobalSection(SolutionProperties) = preSolution
		HideSolutionNode = FALSE
	EndGlobalSection
	GlobalSection(ProjectConfigurationPlatforms) = postSolution
		{2331E6E5-081B-4DEF-B4D7-F3AB92E35B49}.Debug|Any CPU.ActiveCfg = Debug|Any CPU
		{2331E6E5-081B-4DEF-B4D7-F3AB92E35B49}.Debug|Any CPU.Build.0 = Debug|Any CPU
		{2331E6E5-081B-4DEF-B4D7-F3AB92E35B49}.Release|Any CPU.ActiveCfg = Release|Any CPU
		{2331E6E5-081B-4DEF-B4D7-F3AB92E35B49}.Release|Any CPU.Build.0 = Release|Any CPU
		{18EEAFB8-1611-4BC3-B8BA-771527CE1BC4}.Debug|Any CPU.ActiveCfg = Debug|Any CPU
		{18EEAFB8-1611-4BC3-B8BA-771527CE1BC4}.Debug|Any CPU.Build.0 = Debug|Any CPU
		{18EEAFB8-1611-4BC3-B8BA-771527CE1BC4}.Release|Any CPU.ActiveCfg = Release|Any CPU
		{18EEAFB8-1611-4BC3-B8BA-771527CE1BC4}.Release|Any CPU.Build.0 = Release|Any CPU
		{7D757D40-D697-4552-8E75-035F617B8036}.Debug|Any CPU.ActiveCfg = Debug|Any CPU
		{7D757D40-D697-4552-8E75-035F617B8036}.Debug|Any CPU.Build.0 = Debug|Any CPU
		{7D757D40-D697-4552-8E75-035F617B8036}.Release|Any CPU.ActiveCfg = Release|Any CPU
		{7D757D40-D697-4552-8E75-035F617B8036}.Release|Any CPU.Build.0 = Release|Any CPU
		{78811D81-F3C1-4AEA-A282-04EDB3771D81}.Debug|Any CPU.ActiveCfg = Debug|Any CPU
		{78811D81-F3C1-4AEA-A282-04EDB3771D81}.Debug|Any CPU.Build.0 = Debug|Any CPU
		{78811D81-F3C1-4AEA-A282-04EDB3771D81}.Release|Any CPU.ActiveCfg = Release|Any CPU
		{78811D81-F3C1-4AEA-A282-04EDB3771D81}.Release|Any CPU.Build.0 = Release|Any CPU
		{28E5AF7B-4475-49BF-A3FF-201D88AAFC85}.Debug|Any CPU.ActiveCfg = Debug|Any CPU
		{28E5AF7B-4475-49BF-A3FF-201D88AAFC85}.Debug|Any CPU.Build.0 = Debug|Any CPU
		{28E5AF7B-4475-49BF-A3FF-201D88AAFC85}.Release|Any CPU.ActiveCfg = Release|Any CPU
		{28E5AF7B-4475-49BF-A3FF-201D88AAFC85}.Release|Any CPU.Build.0 = Release|Any CPU
	EndGlobalSection
EndGlobal
